<?xml version="1.0" encoding="UTF-8" standalone="yes" ?>
<CodeBlocks_project_file>
	<FileVersion major="1" minor="6" />
	<Project>
		<Option title="tp_integrador_zombie" />
		<Option pch_mode="2" />
		<Option compiler="gcc" />
		<Build>
			<Target title="Debug">
				<Option output="bin/Debug/tp_integrador_zombie" prefix_auto="1" extension_auto="1" />
				<Option object_output="obj/Debug/" />
				<Option type="1" />
				<Option compiler="gcc" />
				<Compiler>
					<Add option="-g" />
					<Add directory="include" />
				</Compiler>
			</Target>
			<Target title="Release">
				<Option output="bin/Release/tp_integrador_zombie" prefix_auto="1" extension_auto="1" />
				<Option object_output="obj/Release/" />
				<Option type="1" />
				<Option compiler="gcc" />
				<Compiler>
					<Add option="-O2" />
					<Add directory="include" />
				</Compiler>
				<Linker>
					<Add option="-s" />
				</Linker>
			</Target>
		</Build>
		<Compiler>
			<Add option="-Wall" />
			<Add option="-fexceptions" />
			<Add directory="SFML/include" />
		</Compiler>
		<Linker>
			<Add library="SFML/lib/libsfml-graphics.a" />
			<Add library="SFML/lib/libsfml-system.a" />
			<Add library="SFML/lib/libsfml-window.a" />
			<Add library="SFML/lib/libsfml-audio.a" />
			<Add library="SFML/lib/libsfml-audio-d.a" />
			<Add library="SFML/lib/libsfml-audio-s.a" />
			<Add library="SFML/lib/libsfml-audio-s-d.a" />
			<Add directory="SFML/lib" />
		</Linker>
		<Unit filename="include/Audio.h" />
		<Unit filename="include/Colisionable.h" />
		<Unit filename="include/Disparo.h" />
		<Unit filename="include/EnergyBar.h" />
		<Unit filename="include/Game_play.h" />
		<Unit filename="include/Gestor_disparos.h" />
		<Unit filename="include/Gestor_plantas.h" />
		<Unit filename="include/Juego2.h" />
		<Unit filename="include/Lifebar.h" />
		<Unit filename="include/Menu.h" />
		<Unit filename="include/Partida.h" />
		<Unit filename="include/Planta.h" />
		<Unit filename="include/Plataforma.h" />
		<Unit filename="include/Player.h" />
		<Unit filename="include/Prize.h" />
		<Unit filename="include/Ranking.h" />
		<Unit filename="include/Zombie.h" />
		<Unit filename="main.cpp" />
		<Unit filename="src/Audio.cpp" />
		<Unit filename="src/Colisionable.cpp" />
		<Unit filename="src/Disparo.cpp" />
		<Unit filename="src/EnergyBar.cpp" />
		<Unit filename="src/Game_play.cpp" />
		<Unit filename="src/Gestor_disparos.cpp" />
		<Unit filename="src/Gestor_plantas.cpp" />
		<Unit filename="src/Juego2.cpp" />
		<Unit filename="src/Lifebar.cpp" />
		<Unit filename="src/Menu.cpp" />
		<Unit filename="src/Partida.cpp" />
		<Unit filename="src/PlantManager.cpp" />
		<Unit filename="src/Planta.cpp" />
		<Unit filename="src/Plataforma.cpp" />
		<Unit filename="src/Player.cpp" />
		<Unit filename="src/Prize.cpp" />
		<Unit filename="src/Ranking.cpp" />
		<Unit filename="src/ShootManager.cpp" />
		<Unit filename="src/Zombie.cpp" />
		<Extensions>
			<lib_finder disable_auto="1" />
		</Extensions>
	</Project>
</CodeBlocks_project_file>
